{
  "nodes": {
    "fenix": {
      "inputs": {
        "nixpkgs": [
          "nixpkgs"
        ],
        "rust-analyzer-src": "rust-analyzer-src"
      },
      "locked": {
        "lastModified": 1756709111,
        "narHash": "sha256-xv2u5dnQpdWkrIy5TBSomr055odWtRSoECSGBzNpp3w=",
        "owner": "nix-community",
        "repo": "fenix",
        "rev": "113eba389317407992ea219d5aaced44bf6407f9",
        "type": "github"
      },
      "original": {
        "owner": "nix-community",
        "ref": "monthly",
        "repo": "fenix",
        "type": "github"
      }
    },
    "nixpkgs": {
      "locked": {
        "lastModified": 1758294315,
        "narHash": "sha256-H+C4c+jKCZpSJHODHFaY6b2ciB3Hv00V5QKA7yUVtis=",
        "owner": "nixos",
        "repo": "nixpkgs",
        "rev": "90ade7da38aa49c2e2693a04a44662a0e61530e9",
        "type": "github"
      },
      "original": {
        "owner": "nixos",
        "ref": "nixpkgs-unstable",
        "repo": "nixpkgs",
        "type": "github"
      }
    },
    "pimalaya": {
      "flake": false,
      "locked": {
        "lastModified": 1753881197,
        "narHash": "sha256-6n1Erv4Yn1Y6tRfGR6spQ1gzEuZWtCkoCjoZMaIlzbU=",
        "owner": "pimalaya",
        "repo": "nix",
        "rev": "40a36ef1f74408d49ae012e3fcf68e9dfcc18c6c",
        "type": "github"
      },
      "original": {
        "owner": "pimalaya",
        "repo": "nix",
        "type": "github"
      }
    },
    "root": {
      "inputs": {
        "fenix": "fenix",
        "nixpkgs": "nixpkgs",
        "pimalaya": "pimalaya"
      }
    },
    "rust-analyzer-src": {
      "flake": false,
      "locked": {
        "lastModified": 1756597274,
        "narHash": "sha256-wfaKRKsEVQDB7pQtAt04vRgFphkVscGRpSx3wG1l50E=",
        "owner": "rust-lang",
        "repo": "rust-analyzer",
        "rev": "21614ed2d3279a9aa1f15c88d293e65a98991b30",
        "type": "github"
      },
      "original": {
        "owner": "rust-lang",
        "ref": "nightly",
        "repo": "rust-analyzer",
        "type": "github"
      }
    }
  },
  "root": "root",
  "version": 7
}
